{
  "requires": true,
  "lockfileVersion": 1,
  "dependencies": {
    "@types/twitch-ext": {
      "version": "1.24.1",
      "resolved": "https://registry.npmjs.org/@types/twitch-ext/-/twitch-ext-1.24.1.tgz",
      "integrity": "sha512-IJDcRroTGCaE3K8urj/GPUnrYTHAM3e0I5MwcRLAFHXGznxgIoQdHekfWS79DXdvjM4yjlKhE3Gjv+wGHIiESQ==",
      "dev": true
    }
  }
}
